
Microsoft Visual Studio Solution File, Format Version 12.00
# Visual Studio Version 17
VisualStudioVersion = 17.1.32414.318
MinimumVisualStudioVersion = 10.0.40219.1
Project("{FAE04EC0-301F-11D3-BF4B-00C04F79EFBC}") = "wpf2", "wpf2\wpf2.csproj", "{27F0B05C-FA5C-4EE4-92A6-DEB7E89F1BA7}"
EndProject
Global
	GlobalSection(SolutionConfigurationPlatforms) = preSolution
		Debug|Any CPU = Debug|Any CPU
		Release|Any CPU = Release|Any CPU
	EndGlobalSection
	GlobalSection(ProjectConfigurationPlatforms) = postSolution
		{27F0B05C-FA5C-4EE4-92A6-DEB7E89F1BA7}.Debug|Any CPU.ActiveCfg = Debug|Any CPU
		{27F0B05C-FA5C-4EE4-92A6-DEB7E89F1BA7}.Debug|Any CPU.Build.0 = Debug|Any CPU
		{27F0B05C-FA5C-4EE4-92A6-DEB7E89F1BA7}.Release|Any CPU.ActiveCfg = Release|Any CPU
		{27F0B05C-FA5C-4EE4-92A6-DEB7E89F1BA7}.Release|Any CPU.Build.0 = Release|Any CPU
	EndGlobalSection
	GlobalSection(SolutionProperties) = preSolution
		HideSolutionNode = FALSE
	EndGlobalSection
	GlobalSection(ExtensibilityGlobals) = postSolution
		SolutionGuid = {59CD6A2A-7B9D-4277-80EF-748B793C74F8}
	EndGlobalSection
EndGlobal
